// !$*UTF8*$!
{
	archiveVersion = 1;
	classes = {
	};
	objectVersion = 46;
	objects = {

/* Begin PBXBuildFile section */
		3A30C4FA1F424CC0002F7905 /* PNChartLabel.swift in Sources */ = {isa = PBXBuildFile; fileRef = 3A30C4F81F424CC0002F7905 /* PNChartLabel.swift */; };
		3A30C4FB1F424CC0002F7905 /* PNGenericChart.swift in Sources */ = {isa = PBXBuildFile; fileRef = 3A30C4F91F424CC0002F7905 /* PNGenericChart.swift */; };
		3A30C4FE1F424D00002F7905 /* PNColor.swift in Sources */ = {isa = PBXBuildFile; fileRef = 3A30C4F21F424C7E002F7905 /* PNColor.swift */; };
		3A30C4FF1F424D03002F7905 /* PNValue.swift in Sources */ = {isa = PBXBuildFile; fileRef = 3A30C4F11F424C7E002F7905 /* PNValue.swift */; };
		3A30C5001F424D08002F7905 /* PNPieChart.swift in Sources */ = {isa = PBXBuildFile; fileRef = 3A30C4F31F424C91002F7905 /* PNPieChart.swift */; };
		3A30C5011F424D08002F7905 /* PNPieChartDataItem.swift in Sources */ = {isa = PBXBuildFile; fileRef = 3A30C4F41F424C91002F7905 /* PNPieChartDataItem.swift */; };
		3A30C5021F424D13002F7905 /* PNLineChart.swift in Sources */ = {isa = PBXBuildFile; fileRef = 3A30C4F71F424CA2002F7905 /* PNLineChart.swift */; };
		3A30C5031F424D13002F7905 /* PNLineChartData.swift in Sources */ = {isa = PBXBuildFile; fileRef = 3A30C4F51F424CA2002F7905 /* PNLineChartData.swift */; };
		3A30C5041F424D13002F7905 /* PNLineChartDataItem.swift in Sources */ = {isa = PBXBuildFile; fileRef = 3A30C4F61F424CA2002F7905 /* PNLineChartDataItem.swift */; };
		3A30C5051F424D18002F7905 /* PNBar.swift in Sources */ = {isa = PBXBuildFile; fileRef = 3A30C4FC1F424CE7002F7905 /* PNBar.swift */; };
		3A30C5061F424D18002F7905 /* PNBarChart.swift in Sources */ = {isa = PBXBuildFile; fileRef = 3A30C4FD1F424CE7002F7905 /* PNBarChart.swift */; };
		3A30C5081F4253CC002F7905 /* MainViewController.swift in Sources */ = {isa = PBXBuildFile; fileRef = 3A30C5071F4253CC002F7905 /* MainViewController.swift */; };
		3A30C50A1F4255EE002F7905 /* ChartTableViewCell.swift in Sources */ = {isa = PBXBuildFile; fileRef = 3A30C5091F4255EE002F7905 /* ChartTableViewCell.swift */; };
		3A30C50C1F425768002F7905 /* DetailViewController.swift in Sources */ = {isa = PBXBuildFile; fileRef = 3A30C50B1F425768002F7905 /* DetailViewController.swift */; };
		3A9AD07C1E17043200A1732F /* AppDelegate.swift in Sources */ = {isa = PBXBuildFile; fileRef = 3A9AD07B1E17043200A1732F /* AppDelegate.swift */; };
		3A9AD0811E17043200A1732F /* Main.storyboard in Resources */ = {isa = PBXBuildFile; fileRef = 3A9AD07F1E17043200A1732F /* Main.storyboard */; };
		3A9AD0831E17043200A1732F /* Assets.xcassets in Resources */ = {isa = PBXBuildFile; fileRef = 3A9AD0821E17043200A1732F /* Assets.xcassets */; };
		3A9AD0861E17043200A1732F /* LaunchScreen.storyboard in Resources */ = {isa = PBXBuildFile; fileRef = 3A9AD0841E17043200A1732F /* LaunchScreen.storyboard */; };
		3A9AD0911E17043200A1732F /* PNChartSwiftTests.swift in Sources */ = {isa = PBXBuildFile; fileRef = 3A9AD0901E17043200A1732F /* PNChartSwiftTests.swift */; };
		3A9AD09C1E17043200A1732F /* PNChartSwiftUITests.swift in Sources */ = {isa = PBXBuildFile; fileRef = 3A9AD09B1E17043200A1732F /* PNChartSwiftUITests.swift */; };
/* End PBXBuildFile section */

/* Begin PBXContainerItemProxy section */
		3A9AD08D1E17043200A1732F /* PBXContainerItemProxy */ = {
			isa = PBXContainerItemProxy;
			containerPortal = 3A9AD0701E17043200A1732F /* Project object */;
			proxyType = 1;
			remoteGlobalIDString = 3A9AD0771E17043200A1732F;
			remoteInfo = PNChartSwift;
		};
		3A9AD0981E17043200A1732F /* PBXContainerItemProxy */ = {
			isa = PBXContainerItemProxy;
			containerPortal = 3A9AD0701E17043200A1732F /* Project object */;
			proxyType = 1;
			remoteGlobalIDString = 3A9AD0771E17043200A1732F;
			remoteInfo = PNChartSwift;
		};
/* End PBXContainerItemProxy section */

/* Begin PBXFileReference section */
		3A30C4F11F424C7E002F7905 /* PNValue.swift */ = {isa = PBXFileReference; lastKnownFileType = sourcecode.swift; name = PNValue.swift; path = PNChartSwift/Source/PNValue.swift; sourceTree = "<group>"; };
		3A30C4F21F424C7E002F7905 /* PNColor.swift */ = {isa = PBXFileReference; lastKnownFileType = sourcecode.swift; name = PNColor.swift; path = PNChartSwift/Source/PNColor.swift; sourceTree = "<group>"; };
		3A30C4F31F424C91002F7905 /* PNPieChart.swift */ = {isa = PBXFileReference; lastKnownFileType = sourcecode.swift; name = PNPieChart.swift; path = PNChartSwift/Source/PNPieChart.swift; sourceTree = "<group>"; };
		3A30C4F41F424C91002F7905 /* PNPieChartDataItem.swift */ = {isa = PBXFileReference; lastKnownFileType = sourcecode.swift; name = PNPieChartDataItem.swift; path = PNChartSwift/Source/PNPieChartDataItem.swift; sourceTree = "<group>"; };
		3A30C4F51F424CA2002F7905 /* PNLineChartData.swift */ = {isa = PBXFileReference; lastKnownFileType = sourcecode.swift; name = PNLineChartData.swift; path = PNChartSwift/Source/PNLineChartData.swift; sourceTree = "<group>"; };
		3A30C4F61F424CA2002F7905 /* PNLineChartDataItem.swift */ = {isa = PBXFileReference; lastKnownFileType = sourcecode.swift; name = PNLineChartDataItem.swift; path = PNChartSwift/Source/PNLineChartDataItem.swift; sourceTree = "<group>"; };
		3A30C4F71F424CA2002F7905 /* PNLineChart.swift */ = {isa = PBXFileReference; lastKnownFileType = sourcecode.swift; name = PNLineChart.swift; path = PNChartSwift/Source/PNLineChart.swift; sourceTree = "<group>"; };
		3A30C4F81F424CC0002F7905 /* PNChartLabel.swift */ = {isa = PBXFileReference; lastKnownFileType = sourcecode.swift; name = PNChartLabel.swift; path = PNChartSwift/Source/PNChartLabel.swift; sourceTree = "<group>"; };
		3A30C4F91F424CC0002F7905 /* PNGenericChart.swift */ = {isa = PBXFileReference; lastKnownFileType = sourcecode.swift; name = PNGenericChart.swift; path = PNChartSwift/Source/PNGenericChart.swift; sourceTree = "<group>"; };
		3A30C4FC1F424CE7002F7905 /* PNBar.swift */ = {isa = PBXFileReference; lastKnownFileType = sourcecode.swift; name = PNBar.swift; path = PNChartSwift/Source/PNBar.swift; sourceTree = "<group>"; };
		3A30C4FD1F424CE7002F7905 /* PNBarChart.swift */ = {isa = PBXFileReference; lastKnownFileType = sourcecode.swift; name = PNBarChart.swift; path = PNChartSwift/Source/PNBarChart.swift; sourceTree = "<group>"; };
		3A30C5071F4253CC002F7905 /* MainViewController.swift */ = {isa = PBXFileReference; lastKnownFileType = sourcecode.swift; path = MainViewController.swift; sourceTree = "<group>"; };
		3A30C5091F4255EE002F7905 /* ChartTableViewCell.swift */ = {isa = PBXFileReference; lastKnownFileType = sourcecode.swift; path = ChartTableViewCell.swift; sourceTree = "<group>"; };
		3A30C50B1F425768002F7905 /* DetailViewController.swift */ = {isa = PBXFileReference; lastKnownFileType = sourcecode.swift; path = DetailViewController.swift; sourceTree = "<group>"; };
		3A9AD0781E17043200A1732F /* PNChartSwift.app */ = {isa = PBXFileReference; explicitFileType = wrapper.application; includeInIndex = 0; path = PNChartSwift.app; sourceTree = BUILT_PRODUCTS_DIR; };
		3A9AD07B1E17043200A1732F /* AppDelegate.swift */ = {isa = PBXFileReference; lastKnownFileType = sourcecode.swift; path = AppDelegate.swift; sourceTree = "<group>"; };
		3A9AD0801E17043200A1732F /* Base */ = {isa = PBXFileReference; lastKnownFileType = file.storyboard; name = Base; path = Base.lproj/Main.storyboard; sourceTree = "<group>"; };
		3A9AD0821E17043200A1732F /* Assets.xcassets */ = {isa = PBXFileReference; lastKnownFileType = folder.assetcatalog; path = Assets.xcassets; sourceTree = "<group>"; };
		3A9AD0851E17043200A1732F /* Base */ = {isa = PBXFileReference; lastKnownFileType = file.storyboard; name = Base; path = Base.lproj/LaunchScreen.storyboard; sourceTree = "<group>"; };
		3A9AD0871E17043200A1732F /* Info.plist */ = {isa = PBXFileReference; lastKnownFileType = text.plist.xml; path = Info.plist; sourceTree = "<group>"; };
		3A9AD08C1E17043200A1732F /* PNChartSwiftTests.xctest */ = {isa = PBXFileReference; explicitFileType = wrapper.cfbundle; includeInIndex = 0; path = PNChartSwiftTests.xctest; sourceTree = BUILT_PRODUCTS_DIR; };
		3A9AD0901E17043200A1732F /* PNChartSwiftTests.swift */ = {isa = PBXFileReference; lastKnownFileType = sourcecode.swift; path = PNChartSwiftTests.swift; sourceTree = "<group>"; };
		3A9AD0921E17043200A1732F /* Info.plist */ = {isa = PBXFileReference; lastKnownFileType = text.plist.xml; path = Info.plist; sourceTree = "<group>"; };
		3A9AD0971E17043200A1732F /* PNChartSwiftUITests.xctest */ = {isa = PBXFileReference; explicitFileType = wrapper.cfbundle; includeInIndex = 0; path = PNChartSwiftUITests.xctest; sourceTree = BUILT_PRODUCTS_DIR; };
		3A9AD09B1E17043200A1732F /* PNChartSwiftUITests.swift */ = {isa = PBXFileReference; lastKnownFileType = sourcecode.swift; path = PNChartSwiftUITests.swift; sourceTree = "<group>"; };
		3A9AD09D1E17043200A1732F /* Info.plist */ = {isa = PBXFileReference; lastKnownFileType = text.plist.xml; path = Info.plist; sourceTree = "<group>"; };
/* End PBXFileReference section */

/* Begin PBXFrameworksBuildPhase section */
		3A9AD0751E17043200A1732F /* Frameworks */ = {
			isa = PBXFrameworksBuildPhase;
			buildActionMask = 2147483647;
			files = (
			);
			runOnlyForDeploymentPostprocessing = 0;
		};
		3A9AD0891E17043200A1732F /* Frameworks */ = {
			isa = PBXFrameworksBuildPhase;
			buildActionMask = 2147483647;
			files = (
			);
			runOnlyForDeploymentPostprocessing = 0;
		};
		3A9AD0941E17043200A1732F /* Frameworks */ = {
			isa = PBXFrameworksBuildPhase;
			buildActionMask = 2147483647;
			files = (
			);
			runOnlyForDeploymentPostprocessing = 0;
		};
/* End PBXFrameworksBuildPhase section */

/* Begin PBXGroup section */
		3A30C4EC1F421CE9002F7905 /* Bar */ = {
			isa = PBXGroup;
			children = (
				3A30C4FC1F424CE7002F7905 /* PNBar.swift */,
				3A30C4FD1F424CE7002F7905 /* PNBarChart.swift */,
			);
			name = Bar;
			sourceTree = "<group>";
		};
		3A30C4ED1F422130002F7905 /* Helper */ = {
			isa = PBXGroup;
			children = (
				3A30C4F21F424C7E002F7905 /* PNColor.swift */,
				3A30C4F11F424C7E002F7905 /* PNValue.swift */,
			);
			name = Helper;
			sourceTree = "<group>";
		};
		3A30C4EE1F422171002F7905 /* Chart */ = {
			isa = PBXGroup;
			children = (
				3A30C4F81F424CC0002F7905 /* PNChartLabel.swift */,
				3A30C4F91F424CC0002F7905 /* PNGenericChart.swift */,
			);
			name = Chart;
			sourceTree = "<group>";
		};
		3A30C4EF1F422183002F7905 /* Line */ = {
			isa = PBXGroup;
			children = (
				3A30C4F71F424CA2002F7905 /* PNLineChart.swift */,
				3A30C4F51F424CA2002F7905 /* PNLineChartData.swift */,
				3A30C4F61F424CA2002F7905 /* PNLineChartDataItem.swift */,
			);
			name = Line;
			sourceTree = "<group>";
		};
		3A30C4F01F42219F002F7905 /* Pie */ = {
			isa = PBXGroup;
			children = (
				3A30C4F31F424C91002F7905 /* PNPieChart.swift */,
				3A30C4F41F424C91002F7905 /* PNPieChartDataItem.swift */,
			);
			name = Pie;
			sourceTree = "<group>";
		};
		3A9AD06F1E17043200A1732F = {
			isa = PBXGroup;
			children = (
				3A9AD0AA1E17045F00A1732F /* Source */,
				3A9AD07A1E17043200A1732F /* PNChartSwift */,
				3A9AD08F1E17043200A1732F /* PNChartSwiftTests */,
				3A9AD09A1E17043200A1732F /* PNChartSwiftUITests */,
				3A9AD0791E17043200A1732F /* Products */,
			);
			sourceTree = "<group>";
		};
		3A9AD0791E17043200A1732F /* Products */ = {
			isa = PBXGroup;
			children = (
				3A9AD0781E17043200A1732F /* PNChartSwift.app */,
				3A9AD08C1E17043200A1732F /* PNChartSwiftTests.xctest */,
				3A9AD0971E17043200A1732F /* PNChartSwiftUITests.xctest */,
			);
			name = Products;
			sourceTree = "<group>";
		};
		3A9AD07A1E17043200A1732F /* PNChartSwift */ = {
			isa = PBXGroup;
			children = (
				3A9AD07B1E17043200A1732F /* AppDelegate.swift */,
				3A30C5071F4253CC002F7905 /* MainViewController.swift */,
				3A30C50B1F425768002F7905 /* DetailViewController.swift */,
				3A30C5091F4255EE002F7905 /* ChartTableViewCell.swift */,
				3A9AD07F1E17043200A1732F /* Main.storyboard */,
				3A9AD0821E17043200A1732F /* Assets.xcassets */,
				3A9AD0841E17043200A1732F /* LaunchScreen.storyboard */,
				3A9AD0871E17043200A1732F /* Info.plist */,
			);
			path = PNChartSwift;
			sourceTree = "<group>";
		};
		3A9AD08F1E17043200A1732F /* PNChartSwiftTests */ = {
			isa = PBXGroup;
			children = (
				3A9AD0901E17043200A1732F /* PNChartSwiftTests.swift */,
				3A9AD0921E17043200A1732F /* Info.plist */,
			);
			path = PNChartSwiftTests;
			sourceTree = "<group>";
		};
		3A9AD09A1E17043200A1732F /* PNChartSwiftUITests */ = {
			isa = PBXGroup;
			children = (
				3A9AD09B1E17043200A1732F /* PNChartSwiftUITests.swift */,
				3A9AD09D1E17043200A1732F /* Info.plist */,
			);
			path = PNChartSwiftUITests;
			sourceTree = "<group>";
		};
		3A9AD0AA1E17045F00A1732F /* Source */ = {
			isa = PBXGroup;
			children = (
				3A30C4ED1F422130002F7905 /* Helper */,
				3A30C4F01F42219F002F7905 /* Pie */,
				3A30C4EF1F422183002F7905 /* Line */,
				3A30C4EE1F422171002F7905 /* Chart */,
				3A30C4EC1F421CE9002F7905 /* Bar */,
			);
			name = Source;
			sourceTree = "<group>";
		};
/* End PBXGroup section */

/* Begin PBXNativeTarget section */
		3A9AD0771E17043200A1732F /* PNChartSwift */ = {
			isa = PBXNativeTarget;
			buildConfigurationList = 3A9AD0A01E17043200A1732F /* Build configuration list for PBXNativeTarget "PNChartSwift" */;
			buildPhases = (
				3A9AD0741E17043200A1732F /* Sources */,
				3A9AD0751E17043200A1732F /* Frameworks */,
				3A9AD0761E17043200A1732F /* Resources */,
			);
			buildRules = (
			);
			dependencies = (
			);
			name = PNChartSwift;
			productName = PNChartSwift;
			productReference = 3A9AD0781E17043200A1732F /* PNChartSwift.app */;
			productType = "com.apple.product-type.application";
		};
		3A9AD08B1E17043200A1732F /* PNChartSwiftTests */ = {
			isa = PBXNativeTarget;
			buildConfigurationList = 3A9AD0A31E17043200A1732F /* Build configuration list for PBXNativeTarget "PNChartSwiftTests" */;
			buildPhases = (
				3A9AD0881E17043200A1732F /* Sources */,
				3A9AD0891E17043200A1732F /* Frameworks */,
				3A9AD08A1E17043200A1732F /* Resources */,
			);
			buildRules = (
			);
			dependencies = (
				3A9AD08E1E17043200A1732F /* PBXTargetDependency */,
			);
			name = PNChartSwiftTests;
			productName = PNChartSwiftTests;
			productReference = 3A9AD08C1E17043200A1732F /* PNChartSwiftTests.xctest */;
			productType = "com.apple.product-type.bundle.unit-test";
		};
		3A9AD0961E17043200A1732F /* PNChartSwiftUITests */ = {
			isa = PBXNativeTarget;
			buildConfigurationList = 3A9AD0A61E17043200A1732F /* Build configuration list for PBXNativeTarget "PNChartSwiftUITests" */;
			buildPhases = (
				3A9AD0931E17043200A1732F /* Sources */,
				3A9AD0941E17043200A1732F /* Frameworks */,
				3A9AD0951E17043200A1732F /* Resources */,
			);
			buildRules = (
			);
			dependencies = (
				3A9AD0991E17043200A1732F /* PBXTargetDependency */,
			);
			name = PNChartSwiftUITests;
			productName = PNChartSwiftUITests;
			productReference = 3A9AD0971E17043200A1732F /* PNChartSwiftUITests.xctest */;
			productType = "com.apple.product-type.bundle.ui-testing";
		};
/* End PBXNativeTarget section */

/* Begin PBXProject section */
		3A9AD0701E17043200A1732F /* Project object */ = {
			isa = PBXProject;
			attributes = {
				LastSwiftUpdateCheck = 0820;
				LastUpgradeCheck = 0820;
				TargetAttributes = {
					3A9AD0771E17043200A1732F = {
						CreatedOnToolsVersion = 8.2.1;
						DevelopmentTeam = UK9LSHMD3L;
						LastSwiftMigration = 0900;
						ProvisioningStyle = Automatic;
					};
					3A9AD08B1E17043200A1732F = {
						CreatedOnToolsVersion = 8.2.1;
						DevelopmentTeam = UK9LSHMD3L;
						LastSwiftMigration = 0900;
						ProvisioningStyle = Automatic;
						TestTargetID = 3A9AD0771E17043200A1732F;
					};
					3A9AD0961E17043200A1732F = {
						CreatedOnToolsVersion = 8.2.1;
						DevelopmentTeam = UK9LSHMD3L;
						LastSwiftMigration = 0900;
						ProvisioningStyle = Automatic;
						TestTargetID = 3A9AD0771E17043200A1732F;
					};
				};
			};
			buildConfigurationList = 3A9AD0731E17043200A1732F /* Build configuration list for PBXProject "PNChartSwift" */;
			compatibilityVersion = "Xcode 3.2";
			developmentRegion = English;
			hasScannedForEncodings = 0;
			knownRegions = (
				en,
				Base,
			);
			mainGroup = 3A9AD06F1E17043200A1732F;
			productRefGroup = 3A9AD0791E17043200A1732F /* Products */;
			projectDirPath = "";
			projectRoot = "";
			targets = (
				3A9AD0771E17043200A1732F /* PNChartSwift */,
				3A9AD08B1E17043200A1732F /* PNChartSwiftTests */,
				3A9AD0961E17043200A1732F /* PNChartSwiftUITests */,
			);
		};
/* End PBXProject section */

/* Begin PBXResourcesBuildPhase section */
		3A9AD0761E17043200A1732F /* Resources */ = {
			isa = PBXResourcesBuildPhase;
			buildActionMask = 2147483647;
			files = (
				3A9AD0861E17043200A1732F /* LaunchScreen.storyboard in Resources */,
				3A9AD0831E17043200A1732F /* Assets.xcassets in Resources */,
				3A9AD0811E17043200A1732F /* Main.storyboard in Resources */,
			);
			runOnlyForDeploymentPostprocessing = 0;
		};
		3A9AD08A1E17043200A1732F /* Resources */ = {
			isa = PBXResourcesBuildPhase;
			buildActionMask = 2147483647;
			files = (
			);
			runOnlyForDeploymentPostprocessing = 0;
		};
		3A9AD0951E17043200A1732F /* Resources */ = {
			isa = PBXResourcesBuildPhase;
			buildActionMask = 2147483647;
			files = (
			);
			runOnlyForDeploymentPostprocessing = 0;
		};
/* End PBXResourcesBuildPhase section */

/* Begin PBXSourcesBuildPhase section */
		3A9AD0741E17043200A1732F /* Sources */ = {
			isa = PBXSourcesBuildPhase;
			buildActionMask = 2147483647;
			files = (
				3A30C5021F424D13002F7905 /* PNLineChart.swift in Sources */,
				3A30C4FA1F424CC0002F7905 /* PNChartLabel.swift in Sources */,
				3A30C5001F424D08002F7905 /* PNPieChart.swift in Sources */,
				3A30C5011F424D08002F7905 /* PNPieChartDataItem.swift in Sources */,
				3A30C5031F424D13002F7905 /* PNLineChartData.swift in Sources */,
				3A30C4FF1F424D03002F7905 /* PNValue.swift in Sources */,
				3A30C50C1F425768002F7905 /* DetailViewController.swift in Sources */,
				3A30C5081F4253CC002F7905 /* MainViewController.swift in Sources */,
				3A30C4FB1F424CC0002F7905 /* PNGenericChart.swift in Sources */,
				3A30C50A1F4255EE002F7905 /* ChartTableViewCell.swift in Sources */,
				3A30C4FE1F424D00002F7905 /* PNColor.swift in Sources */,
				3A30C5051F424D18002F7905 /* PNBar.swift in Sources */,
				3A9AD07C1E17043200A1732F /* AppDelegate.swift in Sources */,
				3A30C5041F424D13002F7905 /* PNLineChartDataItem.swift in Sources */,
				3A30C5061F424D18002F7905 /* PNBarChart.swift in Sources */,
			);
			runOnlyForDeploymentPostprocessing = 0;
		};
		3A9AD0881E17043200A1732F /* Sources */ = {
			isa = PBXSourcesBuildPhase;
			buildActionMask = 2147483647;
			files = (
				3A9AD0911E17043200A1732F /* PNChartSwiftTests.swift in Sources */,
			);
			runOnlyForDeploymentPostprocessing = 0;
		};
		3A9AD0931E17043200A1732F /* Sources */ = {
			isa = PBXSourcesBuildPhase;
			buildActionMask = 2147483647;
			files = (
				3A9AD09C1E17043200A1732F /* PNChartSwiftUITests.swift in Sources */,
			);
			runOnlyForDeploymentPostprocessing = 0;
		};
/* End PBXSourcesBuildPhase section */

/* Begin PBXTargetDependency section */
		3A9AD08E1E17043200A1732F /* PBXTargetDependency */ = {
			isa = PBXTargetDependency;
			target = 3A9AD0771E17043200A1732F /* PNChartSwift */;
			targetProxy = 3A9AD08D1E17043200A1732F /* PBXContainerItemProxy */;
		};
		3A9AD0991E17043200A1732F /* PBXTargetDependency */ = {
			isa = PBXTargetDependency;
			target = 3A9AD0771E17043200A1732F /* PNChartSwift */;
			targetProxy = 3A9AD0981E17043200A1732F /* PBXContainerItemProxy */;
		};
/* End PBXTargetDependency section */

/* Begin PBXVariantGroup section */
		3A9AD07F1E17043200A1732F /* Main.storyboard */ = {
			isa = PBXVariantGroup;
			children = (
				3A9AD0801E17043200A1732F /* Base */,
			);
			name = Main.storyboard;
			sourceTree = "<group>";
		};
		3A9AD0841E17043200A1732F /* LaunchScreen.storyboard */ = {
			isa = PBXVariantGroup;
			children = (
				3A9AD0851E17043200A1732F /* Base */,
			);
			name = LaunchScreen.storyboard;
			sourceTree = "<group>";
		};
/* End PBXVariantGroup section */

/* Begin XCBuildConfiguration section */
		3A9AD09E1E17043200A1732F /* Debug */ = {
			isa = XCBuildConfiguration;
			buildSettings = {
				ALWAYS_SEARCH_USER_PATHS = NO;
				CLANG_ANALYZER_NONNULL = YES;
				CLANG_CXX_LANGUAGE_STANDARD = "gnu++0x";
				CLANG_CXX_LIBRARY = "libc++";
				CLANG_ENABLE_MODULES = YES;
				CLANG_ENABLE_OBJC_ARC = YES;
				CLANG_WARN_BOOL_CONVERSION = YES;
				CLANG_WARN_CONSTANT_CONVERSION = YES;
				CLANG_WARN_DIRECT_OBJC_ISA_USAGE = YES_ERROR;
				CLANG_WARN_DOCUMENTATION_COMMENTS = YES;
				CLANG_WARN_EMPTY_BODY = YES;
				CLANG_WARN_ENUM_CONVERSION = YES;
				CLANG_WARN_INFINITE_RECURSION = YES;
				CLANG_WARN_INT_CONVERSION = YES;
				CLANG_WARN_OBJC_ROOT_CLASS = YES_ERROR;
				CLANG_WARN_SUSPICIOUS_MOVE = YES;
				CLANG_WARN_UNREACHABLE_CODE = YES;
				CLANG_WARN__DUPLICATE_METHOD_MATCH = YES;
				"CODE_SIGN_IDENTITY[sdk=iphoneos*]" = "iPhone Developer";
				COPY_PHASE_STRIP = NO;
				DEBUG_INFORMATION_FORMAT = dwarf;
				ENABLE_STRICT_OBJC_MSGSEND = YES;
				ENABLE_TESTABILITY = YES;
				GCC_C_LANGUAGE_STANDARD = gnu99;
				GCC_DYNAMIC_NO_PIC = NO;
				GCC_NO_COMMON_BLOCKS = YES;
				GCC_OPTIMIZATION_LEVEL = 0;
				GCC_PREPROCESSOR_DEFINITIONS = (
					"DEBUG=1",
					"$(inherited)",
				);
				GCC_WARN_64_TO_32_BIT_CONVERSION = YES;
				GCC_WARN_ABOUT_RETURN_TYPE = YES_ERROR;
				GCC_WARN_UNDECLARED_SELECTOR = YES;
				GCC_WARN_UNINITIALIZED_AUTOS = YES_AGGRESSIVE;
				GCC_WARN_UNUSED_FUNCTION = YES;
				GCC_WARN_UNUSED_VARIABLE = YES;
				IPHONEOS_DEPLOYMENT_TARGET = 10.2;
				MTL_ENABLE_DEBUG_INFO = YES;
				ONLY_ACTIVE_ARCH = YES;
				SDKROOT = iphoneos;
				SWIFT_ACTIVE_COMPILATION_CONDITIONS = DEBUG;
				SWIFT_OPTIMIZATION_LEVEL = "-Onone";
				TARGETED_DEVICE_FAMILY = "1,2";
			};
			name = Debug;
		};
		3A9AD09F1E17043200A1732F /* Release */ = {
			isa = XCBuildConfiguration;
			buildSettings = {
				ALWAYS_SEARCH_USER_PATHS = NO;
				CLANG_ANALYZER_NONNULL = YES;
				CLANG_CXX_LANGUAGE_STANDARD = "gnu++0x";
				CLANG_CXX_LIBRARY = "libc++";
				CLANG_ENABLE_MODULES = YES;
				CLANG_ENABLE_OBJC_ARC = YES;
				CLANG_WARN_BOOL_CONVERSION = YES;
				CLANG_WARN_CONSTANT_CONVERSION = YES;
				CLANG_WARN_DIRECT_OBJC_ISA_USAGE = YES_ERROR;
				CLANG_WARN_DOCUMENTATION_COMMENTS = YES;
				CLANG_WARN_EMPTY_BODY = YES;
				CLANG_WARN_ENUM_CONVERSION = YES;
				CLANG_WARN_INFINITE_RECURSION = YES;
				CLANG_WARN_INT_CONVERSION = YES;
				CLANG_WARN_OBJC_ROOT_CLASS = YES_ERROR;
				CLANG_WARN_SUSPICIOUS_MOVE = YES;
				CLANG_WARN_UNREACHABLE_CODE = YES;
				CLANG_WARN__DUPLICATE_METHOD_MATCH = YES;
				"CODE_SIGN_IDENTITY[sdk=iphoneos*]" = "iPhone Developer";
				COPY_PHASE_STRIP = NO;
				DEBUG_INFORMATION_FORMAT = "dwarf-with-dsym";
				ENABLE_NS_ASSERTIONS = NO;
				ENABLE_STRICT_OBJC_MSGSEND = YES;
				GCC_C_LANGUAGE_STANDARD = gnu99;
				GCC_NO_COMMON_BLOCKS = YES;
				GCC_WARN_64_TO_32_BIT_CONVERSION = YES;
				GCC_WARN_ABOUT_RETURN_TYPE = YES_ERROR;
				GCC_WARN_UNDECLARED_SELECTOR = YES;
				GCC_WARN_UNINITIALIZED_AUTOS = YES_AGGRESSIVE;
				GCC_WARN_UNUSED_FUNCTION = YES;
				GCC_WARN_UNUSED_VARIABLE = YES;
				IPHONEOS_DEPLOYMENT_TARGET = 10.2;
				MTL_ENABLE_DEBUG_INFO = NO;
				SDKROOT = iphoneos;
				SWIFT_OPTIMIZATION_LEVEL = "-Owholemodule";
				TARGETED_DEVICE_FAMILY = "1,2";
				VALIDATE_PRODUCT = YES;
			};
			name = Release;
		};
		3A9AD0A11E17043200A1732F /* Debug */ = {
			isa = XCBuildConfiguration;
			buildSettings = {
				ASSETCATALOG_COMPILER_APPICON_NAME = AppIcon;
				DEVELOPMENT_TEAM = UK9LSHMD3L;
				INFOPLIST_FILE = PNChartSwift/Info.plist;
				LD_RUNPATH_SEARCH_PATHS = "$(inherited) @executable_path/Frameworks";
				PRODUCT_BUNDLE_IDENTIFIER = Demo.PNChartSwift;
				PRODUCT_NAME = "$(TARGET_NAME)";
				SWIFT_SWIFT3_OBJC_INFERENCE = Off;
				SWIFT_VERSION = 4.0;
			};
			name = Debug;
		};
		3A9AD0A21E17043200A1732F /* Release */ = {
			isa = XCBuildConfiguration;
			buildSettings = {
				ASSETCATALOG_COMPILER_APPICON_NAME = AppIcon;
				DEVELOPMENT_TEAM = UK9LSHMD3L;
				INFOPLIST_FILE = PNChartSwift/Info.plist;
				LD_RUNPATH_SEARCH_PATHS = "$(inherited) @executable_path/Frameworks";
				PRODUCT_BUNDLE_IDENTIFIER = Demo.PNChartSwift;
				PRODUCT_NAME = "$(TARGET_NAME)";
				SWIFT_SWIFT3_OBJC_INFERENCE = Off;
				SWIFT_VERSION = 4.0;
			};
			name = Release;
		};
		3A9AD0A41E17043200A1732F /* Debug */ = {
			isa = XCBuildConfiguration;
			buildSettings = {
				ALWAYS_EMBED_SWIFT_STANDARD_LIBRARIES = YES;
				BUNDLE_LOADER = "$(TEST_HOST)";
				DEVELOPMENT_TEAM = UK9LSHMD3L;
				INFOPLIST_FILE = PNChartSwiftTests/Info.plist;
				LD_RUNPATH_SEARCH_PATHS = "$(inherited) @executable_path/Frameworks @loader_path/Frameworks";
				PRODUCT_BUNDLE_IDENTIFIER = Demo.PNChartSwiftTests;
				PRODUCT_NAME = "$(TARGET_NAME)";
				SWIFT_SWIFT3_OBJC_INFERENCE = On;
				SWIFT_VERSION = 4.0;
				TEST_HOST = "$(BUILT_PRODUCTS_DIR)/PNChartSwift.app/PNChartSwift";
			};
			name = Debug;
		};
		3A9AD0A51E17043200A1732F /* Release */ = {
			isa = XCBuildConfiguration;
			buildSettings = {
				ALWAYS_EMBED_SWIFT_STANDARD_LIBRARIES = YES;
				BUNDLE_LOADER = "$(TEST_HOST)";
				DEVELOPMENT_TEAM = UK9LSHMD3L;
				INFOPLIST_FILE = PNChartSwiftTests/Info.plist;
				LD_RUNPATH_SEARCH_PATHS = "$(inherited) @executable_path/Frameworks @loader_path/Frameworks";
				PRODUCT_BUNDLE_IDENTIFIER = Demo.PNChartSwiftTests;
				PRODUCT_NAME = "$(TARGET_NAME)";
				SWIFT_SWIFT3_OBJC_INFERENCE = On;
				SWIFT_VERSION = 4.0;
				TEST_HOST = "$(BUILT_PRODUCTS_DIR)/PNChartSwift.app/PNChartSwift";
			};
			name = Release;
		};
		3A9AD0A71E17043200A1732F /* Debug */ = {
			isa = XCBuildConfiguration;
			buildSettings = {
				ALWAYS_EMBED_SWIFT_STANDARD_LIBRARIES = YES;
				DEVELOPMENT_TEAM = UK9LSHMD3L;
				INFOPLIST_FILE = PNChartSwiftUITests/Info.plist;
				LD_RUNPATH_SEARCH_PATHS = "$(inherited) @executable_path/Frameworks @loader_path/Frameworks";
				PRODUCT_BUNDLE_IDENTIFIER = Demo.PNChartSwiftUITests;
				PRODUCT_NAME = "$(TARGET_NAME)";
				SWIFT_SWIFT3_OBJC_INFERENCE = On;
				SWIFT_VERSION = 4.0;
				TEST_TARGET_NAME = PNChartSwift;
			};
			name = Debug;
		};
		3A9AD0A81E17043200A1732F /* Release */ = {
			isa = XCBuildConfiguration;
			buildSettings = {
				ALWAYS_EMBED_SWIFT_STANDARD_LIBRARIES = YES;
				DEVELOPMENT_TEAM = UK9LSHMD3L;
				INFOPLIST_FILE = PNChartSwiftUITests/Info.plist;
				LD_RUNPATH_SEARCH_PATHS = "$(inherited) @executable_path/Frameworks @loader_path/Frameworks";
				PRODUCT_BUNDLE_IDENTIFIER = Demo.PNChartSwiftUITests;
				PRODUCT_NAME = "$(TARGET_NAME)";
				SWIFT_SWIFT3_OBJC_INFERENCE = On;
				SWIFT_VERSION = 4.0;
				TEST_TARGET_NAME = PNChartSwift;
			};
			name = Release;
		};
/* End XCBuildConfiguration section */

/* Begin XCConfigurationList section */
		3A9AD0731E17043200A1732F /* Build configuration list for PBXProject "PNChartSwift" */ = {
			isa = XCConfigurationList;
			buildConfigurations = (
				3A9AD09E1E17043200A1732F /* Debug */,
				3A9AD09F1E17043200A1732F /* Release */,
			);
			defaultConfigurationIsVisible = 0;
			defaultConfigurationName = Release;
		};
		3A9AD0A01E17043200A1732F /* Build configuration list for PBXNativeTarget "PNChartSwift" */ = {
			isa = XCConfigurationList;
			buildConfigurations = (
				3A9AD0A11E17043200A1732F /* Debug */,
				3A9AD0A21E17043200A1732F /* Release */,
			);
			defaultConfigurationIsVisible = 0;
			defaultConfigurationName = Release;
		};
		3A9AD0A31E17043200A1732F /* Build configuration list for PBXNativeTarget "PNChartSwiftTests" */ = {
			isa = XCConfigurationList;
			buildConfigurations = (
				3A9AD0A41E17043200A1732F /* Debug */,
				3A9AD0A51E17043200A1732F /* Release */,
			);
			defaultConfigurationIsVisible = 0;
			defaultConfigurationName = Release;
		};
		3A9AD0A61E17043200A1732F /* Build configuration list for PBXNativeTarget "PNChartSwiftUITests" */ = {
			isa = XCConfigurationList;
			buildConfigurations = (
				3A9AD0A71E17043200A1732F /* Debug */,
				3A9AD0A81E17043200A1732F /* Release */,
			);
			defaultConfigurationIsVisible = 0;
			defaultConfigurationName = Release;
		};
/* End XCConfigurationList section */
	};
	rootObject = 3A9AD0701E17043200A1732F /* Project object */;
}
